
Microsoft Visual Studio Solution File, Format Version 12.00
# Visual Studio Version 16
VisualStudioVersion = 16.0.30104.148
MinimumVisualStudioVersion = 10.0.40219.1
Project("{FAE04EC0-301F-11D3-BF4B-00C04F79EFBC}") = "ElevenNote.WebAPI", "ElevenNote.WebAPI\ElevenNote.WebAPI.csproj", "{01BBA1A3-FDCC-48AC-A360-550BBC84405A}"
EndProject
Project("{FAE04EC0-301F-11D3-BF4B-00C04F79EFBC}") = "ElevenNote.Data", "ElevenNote.Data\ElevenNote.Data.csproj", "{E004F4CA-4127-4F9D-AEA4-5BF9FADCDE3F}"
EndProject
Project("{FAE04EC0-301F-11D3-BF4B-00C04F79EFBC}") = "ElevenNote.Models", "ElevenNote.Models\ElevenNote.Models.csproj", "{E9EFD750-73B1-4B66-A7D9-C08AEC8FE674}"
EndProject
Project("{FAE04EC0-301F-11D3-BF4B-00C04F79EFBC}") = "ElevenNote.Services", "ElevenNote.Services\ElevenNote.Services.csproj", "{537410F4-43F8-4E7C-A36C-B9A935919762}"
EndProject
Project("{FAE04EC0-301F-11D3-BF4B-00C04F79EFBC}") = "ElevenNote.WebMVC", "ElevenNote.WebMVC\ElevenNote.WebMVC.csproj", "{31757982-A9A3-48CF-9DC1-1EFCA4D56D6A}"
EndProject
Global
	GlobalSection(SolutionConfigurationPlatforms) = preSolution
		Debug|Any CPU = Debug|Any CPU
		Release|Any CPU = Release|Any CPU
	EndGlobalSection
	GlobalSection(ProjectConfigurationPlatforms) = postSolution
		{01BBA1A3-FDCC-48AC-A360-550BBC84405A}.Debug|Any CPU.ActiveCfg = Debug|Any CPU
		{01BBA1A3-FDCC-48AC-A360-550BBC84405A}.Debug|Any CPU.Build.0 = Debug|Any CPU
		{01BBA1A3-FDCC-48AC-A360-550BBC84405A}.Release|Any CPU.ActiveCfg = Release|Any CPU
		{01BBA1A3-FDCC-48AC-A360-550BBC84405A}.Release|Any CPU.Build.0 = Release|Any CPU
		{E004F4CA-4127-4F9D-AEA4-5BF9FADCDE3F}.Debug|Any CPU.ActiveCfg = Debug|Any CPU
		{E004F4CA-4127-4F9D-AEA4-5BF9FADCDE3F}.Debug|Any CPU.Build.0 = Debug|Any CPU
		{E004F4CA-4127-4F9D-AEA4-5BF9FADCDE3F}.Release|Any CPU.ActiveCfg = Release|Any CPU
		{E004F4CA-4127-4F9D-AEA4-5BF9FADCDE3F}.Release|Any CPU.Build.0 = Release|Any CPU
		{E9EFD750-73B1-4B66-A7D9-C08AEC8FE674}.Debug|Any CPU.ActiveCfg = Debug|Any CPU
		{E9EFD750-73B1-4B66-A7D9-C08AEC8FE674}.Debug|Any CPU.Build.0 = Debug|Any CPU
		{E9EFD750-73B1-4B66-A7D9-C08AEC8FE674}.Release|Any CPU.ActiveCfg = Release|Any CPU
		{E9EFD750-73B1-4B66-A7D9-C08AEC8FE674}.Release|Any CPU.Build.0 = Release|Any CPU
		{537410F4-43F8-4E7C-A36C-B9A935919762}.Debug|Any CPU.ActiveCfg = Debug|Any CPU
		{537410F4-43F8-4E7C-A36C-B9A935919762}.Debug|Any CPU.Build.0 = Debug|Any CPU
		{537410F4-43F8-4E7C-A36C-B9A935919762}.Release|Any CPU.ActiveCfg = Release|Any CPU
		{537410F4-43F8-4E7C-A36C-B9A935919762}.Release|Any CPU.Build.0 = Release|Any CPU
		{31757982-A9A3-48CF-9DC1-1EFCA4D56D6A}.Debug|Any CPU.ActiveCfg = Debug|Any CPU
		{31757982-A9A3-48CF-9DC1-1EFCA4D56D6A}.Debug|Any CPU.Build.0 = Debug|Any CPU
		{31757982-A9A3-48CF-9DC1-1EFCA4D56D6A}.Release|Any CPU.ActiveCfg = Release|Any CPU
		{31757982-A9A3-48CF-9DC1-1EFCA4D56D6A}.Release|Any CPU.Build.0 = Release|Any CPU
	EndGlobalSection
	GlobalSection(SolutionProperties) = preSolution
		HideSolutionNode = FALSE
	EndGlobalSection
	GlobalSection(ExtensibilityGlobals) = postSolution
		SolutionGuid = {AB454843-AC47-4573-BFFF-D95BE6478F25}
	EndGlobalSection
EndGlobal
